PODS:
  - Flutter (1.0.0)
  - flutter_media_player (0.0.1):
    - Flutter
    - StreamingKit
  - StreamingKit (0.1.30)

DEPENDENCIES:
  - Flutter (from `Flutter`)
  - flutter_media_player (from `.symlinks/plugins/flutter_media_player/ios`)

SPEC REPOS:
  trunk:
    - StreamingKit

EXTERNAL SOURCES:
  Flutter:
    :path: Flutter
  flutter_media_player:
    :path: ".symlinks/plugins/flutter_media_player/ios"

SPEC CHECKSUMS:
  Flutter: 0e3d915762c693b495b44d77113d4970485de6ec
  flutter_media_player: 33cb4c1e7327bd81716a6eee62d40922c0ffbee8
  StreamingKit: 70ca8608c206864b4d54a577eacb3c8bf7c72209

PODFILE CHECKSUM: aafe91acc616949ddb318b77800a7f51bffa2a4c

COCOAPODS: 1.9.0
