PODS:
  - Flutter (1.0.0)
  - flutter_media_player (0.0.1):
    - Flutter
    - StreamingKit
  - StreamingKit (0.1.30)

DEPENDENCIES:
  - Flutter (from `.symlinks/flutter/ios`)
  - flutter_media_player (from `.symlinks/plugins/flutter_media_player/ios`)

SPEC REPOS:
  https://github.com/cocoapods/specs.git:
    - StreamingKit

EXTERNAL SOURCES:
  Flutter:
    :path: ".symlinks/flutter/ios"
  flutter_media_player:
    :path: ".symlinks/plugins/flutter_media_player/ios"

SPEC CHECKSUMS:
  Flutter: 9d0fac939486c9aba2809b7982dfdbb47a7b0296
  flutter_media_player: e145758c57189e0b2a7e386ec2ddf6399c13f193
  StreamingKit: 70ca8608c206864b4d54a577eacb3c8bf7c72209

PODFILE CHECKSUM: 1c3158cf7a465ed0ba19c2bc9cec00c2cb3395a1

COCOAPODS: 1.5.3
